
Microsoft Visual Studio Solution File, Format Version 12.00
# Visual Studio 15
VisualStudioVersion = 15.0.26730.15
MinimumVisualStudioVersion = 10.0.40219.1
Project("{FAE04EC0-301F-11D3-BF4B-00C04F79EFBC}") = "BenchmarkingAssignment", "BenchmarkingAssignment\BenchmarkingAssignment.csproj", "{2B26EA73-CF8E-4545-B02D-F654D2AD9FDE}"
EndProject
Global
	GlobalSection(SolutionConfigurationPlatforms) = preSolution
		Debug|Any CPU = Debug|Any CPU
		Release|Any CPU = Release|Any CPU
	EndGlobalSection
	GlobalSection(ProjectConfigurationPlatforms) = postSolution
		{2B26EA73-CF8E-4545-B02D-F654D2AD9FDE}.Debug|Any CPU.ActiveCfg = Debug|Any CPU
		{2B26EA73-CF8E-4545-B02D-F654D2AD9FDE}.Debug|Any CPU.Build.0 = Debug|Any CPU
		{2B26EA73-CF8E-4545-B02D-F654D2AD9FDE}.Release|Any CPU.ActiveCfg = Release|Any CPU
		{2B26EA73-CF8E-4545-B02D-F654D2AD9FDE}.Release|Any CPU.Build.0 = Release|Any CPU
	EndGlobalSection
	GlobalSection(SolutionProperties) = preSolution
		HideSolutionNode = FALSE
	EndGlobalSection
	GlobalSection(ExtensibilityGlobals) = postSolution
		SolutionGuid = {5350FDA1-47AD-45FA-A440-95D26E176C96}
	EndGlobalSection
EndGlobal
